
Microsoft Visual Studio Solution File, Format Version 12.00
# Visual Studio Version 17
VisualStudioVersion = 17.9.34701.34
MinimumVisualStudioVersion = 10.0.40219.1
Project("{FAE04EC0-301F-11D3-BF4B-00C04F79EFBC}") = "TestProject", "TestProject\TestProject.csproj", "{96F96864-880A-4283-A637-09A337E85B7D}"
EndProject
Global
	GlobalSection(SolutionConfigurationPlatforms) = preSolution
		Debug|Any CPU = Debug|Any CPU
		Release|Any CPU = Release|Any CPU
	EndGlobalSection
	GlobalSection(ProjectConfigurationPlatforms) = postSolution
		{96F96864-880A-4283-A637-09A337E85B7D}.Debug|Any CPU.ActiveCfg = Debug|Any CPU
		{96F96864-880A-4283-A637-09A337E85B7D}.Debug|Any CPU.Build.0 = Debug|Any CPU
		{96F96864-880A-4283-A637-09A337E85B7D}.Release|Any CPU.ActiveCfg = Release|Any CPU
		{96F96864-880A-4283-A637-09A337E85B7D}.Release|Any CPU.Build.0 = Release|Any CPU
	EndGlobalSection
	GlobalSection(SolutionProperties) = preSolution
		HideSolutionNode = FALSE
	EndGlobalSection
	GlobalSection(ExtensibilityGlobals) = postSolution
		SolutionGuid = {5E16EFFE-566D-4D5C-8FDC-E027DF9786A6}
	EndGlobalSection
EndGlobal
