
Microsoft Visual Studio Solution File, Format Version 12.00
# Visual Studio Version 17
VisualStudioVersion = 17.9.34701.34
MinimumVisualStudioVersion = 10.0.40219.1
Project("{9A19103F-16F7-4668-BE54-9A1E7A4F7556}") = "TestProject(NUnit)", "TestProject\TestProject(NUnit).csproj", "{96F96864-880A-4283-A637-09A337E85B7D}"
EndProject
Project("{9A19103F-16F7-4668-BE54-9A1E7A4F7556}") = "TestProject(xUnit)", "TestProject(xUnit)\TestProject(xUnit).csproj", "{298A9E8A-5FC4-4D05-9BEC-1B01F17B5B1C}"
EndProject
Project("{9A19103F-16F7-4668-BE54-9A1E7A4F7556}") = "Patterns", "Patterns\Patterns.csproj", "{6702D629-AAEB-4C60-90A5-789356E8CEDF}"
EndProject
Project("{9A19103F-16F7-4668-BE54-9A1E7A4F7556}") = "Steps", "TestProject1\Steps.csproj", "{E0575727-5E2A-4AB9-8DF6-4E71EA59DB45}"
EndProject
Global
	GlobalSection(SolutionConfigurationPlatforms) = preSolution
		Debug|Any CPU = Debug|Any CPU
		Release|Any CPU = Release|Any CPU
	EndGlobalSection
	GlobalSection(ProjectConfigurationPlatforms) = postSolution
		{96F96864-880A-4283-A637-09A337E85B7D}.Debug|Any CPU.ActiveCfg = Debug|Any CPU
		{96F96864-880A-4283-A637-09A337E85B7D}.Debug|Any CPU.Build.0 = Debug|Any CPU
		{96F96864-880A-4283-A637-09A337E85B7D}.Release|Any CPU.ActiveCfg = Release|Any CPU
		{96F96864-880A-4283-A637-09A337E85B7D}.Release|Any CPU.Build.0 = Release|Any CPU
		{298A9E8A-5FC4-4D05-9BEC-1B01F17B5B1C}.Debug|Any CPU.ActiveCfg = Debug|Any CPU
		{298A9E8A-5FC4-4D05-9BEC-1B01F17B5B1C}.Debug|Any CPU.Build.0 = Debug|Any CPU
		{298A9E8A-5FC4-4D05-9BEC-1B01F17B5B1C}.Release|Any CPU.ActiveCfg = Release|Any CPU
		{298A9E8A-5FC4-4D05-9BEC-1B01F17B5B1C}.Release|Any CPU.Build.0 = Release|Any CPU
		{6702D629-AAEB-4C60-90A5-789356E8CEDF}.Debug|Any CPU.ActiveCfg = Debug|Any CPU
		{6702D629-AAEB-4C60-90A5-789356E8CEDF}.Debug|Any CPU.Build.0 = Debug|Any CPU
		{6702D629-AAEB-4C60-90A5-789356E8CEDF}.Release|Any CPU.ActiveCfg = Release|Any CPU
		{6702D629-AAEB-4C60-90A5-789356E8CEDF}.Release|Any CPU.Build.0 = Release|Any CPU
		{E0575727-5E2A-4AB9-8DF6-4E71EA59DB45}.Debug|Any CPU.ActiveCfg = Debug|Any CPU
		{E0575727-5E2A-4AB9-8DF6-4E71EA59DB45}.Debug|Any CPU.Build.0 = Debug|Any CPU
		{E0575727-5E2A-4AB9-8DF6-4E71EA59DB45}.Release|Any CPU.ActiveCfg = Release|Any CPU
		{E0575727-5E2A-4AB9-8DF6-4E71EA59DB45}.Release|Any CPU.Build.0 = Release|Any CPU
	EndGlobalSection
	GlobalSection(SolutionProperties) = preSolution
		HideSolutionNode = FALSE
	EndGlobalSection
	GlobalSection(ExtensibilityGlobals) = postSolution
		SolutionGuid = {5E16EFFE-566D-4D5C-8FDC-E027DF9786A6}
	EndGlobalSection
EndGlobal
